
Microsoft Visual Studio Solution File, Format Version 12.00
# Visual Studio 2013
VisualStudioVersion = 12.0.31101.0
MinimumVisualStudioVersion = 10.0.40219.1
Project("{FAE04EC0-301F-11D3-BF4B-00C04F79EFBC}") = "v0827", "v0827\v0827.csproj", "{952E6870-2887-4545-BBE6-41B3F4B4FFED}"
EndProject
Global
	GlobalSection(SolutionConfigurationPlatforms) = preSolution
		Debug|Any CPU = Debug|Any CPU
		Release|Any CPU = Release|Any CPU
	EndGlobalSection
	GlobalSection(ProjectConfigurationPlatforms) = postSolution
		{952E6870-2887-4545-BBE6-41B3F4B4FFED}.Debug|Any CPU.ActiveCfg = Debug|Any CPU
		{952E6870-2887-4545-BBE6-41B3F4B4FFED}.Debug|Any CPU.Build.0 = Debug|Any CPU
		{952E6870-2887-4545-BBE6-41B3F4B4FFED}.Release|Any CPU.ActiveCfg = Release|Any CPU
		{952E6870-2887-4545-BBE6-41B3F4B4FFED}.Release|Any CPU.Build.0 = Release|Any CPU
	EndGlobalSection
	GlobalSection(SolutionProperties) = preSolution
		HideSolutionNode = FALSE
	EndGlobalSection
EndGlobal
